
Microsoft Visual Studio Solution File, Format Version 12.00
# Visual Studio Version 17
VisualStudioVersion = 17.0.31903.59
MinimumVisualStudioVersion = 10.0.40219.1
Project("{FAE04EC0-301F-11D3-BF4B-00C04F79EFBC}") = "SignalRServer", "SignalRServer\SignalRServer.csproj", "{CEDD3979-09A8-4DFC-B98D-D1BD1171F88E}"
EndProject
Project("{FAE04EC0-301F-11D3-BF4B-00C04F79EFBC}") = "SignalR.Web", "SignalR.Web\SignalR.Web.csproj", "{5C202650-9B04-4077-A822-5C2E780664DB}"
EndProject
Global
	GlobalSection(SolutionConfigurationPlatforms) = preSolution
		Debug|Any CPU = Debug|Any CPU
		Release|Any CPU = Release|Any CPU
	EndGlobalSection
	GlobalSection(ProjectConfigurationPlatforms) = postSolution
		{CEDD3979-09A8-4DFC-B98D-D1BD1171F88E}.Debug|Any CPU.ActiveCfg = Debug|Any CPU
		{CEDD3979-09A8-4DFC-B98D-D1BD1171F88E}.Debug|Any CPU.Build.0 = Debug|Any CPU
		{CEDD3979-09A8-4DFC-B98D-D1BD1171F88E}.Release|Any CPU.ActiveCfg = Release|Any CPU
		{CEDD3979-09A8-4DFC-B98D-D1BD1171F88E}.Release|Any CPU.Build.0 = Release|Any CPU
		{5C202650-9B04-4077-A822-5C2E780664DB}.Debug|Any CPU.ActiveCfg = Debug|Any CPU
		{5C202650-9B04-4077-A822-5C2E780664DB}.Debug|Any CPU.Build.0 = Debug|Any CPU
		{5C202650-9B04-4077-A822-5C2E780664DB}.Release|Any CPU.ActiveCfg = Release|Any CPU
		{5C202650-9B04-4077-A822-5C2E780664DB}.Release|Any CPU.Build.0 = Release|Any CPU
	EndGlobalSection
	GlobalSection(SolutionProperties) = preSolution
		HideSolutionNode = FALSE
	EndGlobalSection
	GlobalSection(ExtensibilityGlobals) = postSolution
		SolutionGuid = {9765C54D-9B6D-42D8-82B4-E0045609F320}
	EndGlobalSection
EndGlobal
